# THIS IS AN AUTOGENERATED FILE. DO NOT EDIT THIS FILE DIRECTLY.
# yarn lockfile v1


"@actions/core@1.2.4":
  version "1.2.4"
  resolved "https://registry.yarnpkg.com/@actions/core/-/core-1.2.4.tgz#96179dbf9f8d951dd74b40a0dbd5c22555d186ab"
  integrity sha512-YJCEq8BE3CdN8+7HPZ/4DxJjk/OkZV2FFIf+DlZTC/4iBlzYCD5yjRR6eiOS5llO11zbRltIRuKAjMKaWTE6cg==

"@protobufjs/aspromise@^1.1.1", "@protobufjs/aspromise@^1.1.2":
  version "1.1.2"
  resolved "https://registry.yarnpkg.com/@protobufjs/aspromise/-/aspromise-1.1.2.tgz#9b8b0cc663d669a7d8f6f5d0893a14d348f30fbf"
  integrity sha1-m4sMxmPWaafY9vXQiToU00jzD78=

"@protobufjs/base64@^1.1.2":
  version "1.1.2"
  resolved "https://registry.yarnpkg.com/@protobufjs/base64/-/base64-1.1.2.tgz#4c85730e59b9a1f1f349047dbf24296034bb2735"
  integrity sha512-AZkcAA5vnN/v4PDqKyMR5lx7hZttPDgClv83E//FMNhR2TMcLUhfRUBHCmSl0oi9zMgDDqRUJkSxO3wm85+XLg==

"@protobufjs/codegen@^2.0.4":
  version "2.0.4"
  resolved "https://registry.yarnpkg.com/@protobufjs/codegen/-/codegen-2.0.4.tgz#7ef37f0d010fb028ad1ad59722e506d9262815cb"
  integrity sha512-YyFaikqM5sH0ziFZCN3xDC7zeGaB/d0IUb9CATugHWbd1FRFwWwt4ld4OYMPWu5a3Xe01mGAULCdqhMlPl29Jg==

"@protobufjs/eventemitter@^1.1.0":
  version "1.1.0"
  resolved "https://registry.yarnpkg.com/@protobufjs/eventemitter/-/eventemitter-1.1.0.tgz#355cbc98bafad5978f9ed095f397621f1d066b70"
  integrity sha1-NVy8mLr61ZePntCV85diHx0Ga3A=

"@protobufjs/fetch@^1.1.0":
  version "1.1.0"
  resolved "https://registry.yarnpkg.com/@protobufjs/fetch/-/fetch-1.1.0.tgz#ba99fb598614af65700c1619ff06d454b0d84c45"
  integrity sha1-upn7WYYUr2VwDBYZ/wbUVLDYTEU=
  dependencies:
    "@protobufjs/aspromise" "^1.1.1"
    "@protobufjs/inquire" "^1.1.0"

"@protobufjs/float@^1.0.2":
  version "1.0.2"
  resolved "https://registry.yarnpkg.com/@protobufjs/float/-/float-1.0.2.tgz#5e9e1abdcb73fc0a7cb8b291df78c8cbd97b87d1"
  integrity sha1-Xp4avctz/Ap8uLKR33jIy9l7h9E=

"@protobufjs/inquire@^1.1.0":
  version "1.1.0"
  resolved "https://registry.yarnpkg.com/@protobufjs/inquire/-/inquire-1.1.0.tgz#ff200e3e7cf2429e2dcafc1140828e8cc638f089"
  integrity sha1-/yAOPnzyQp4tyvwRQIKOjMY48Ik=

"@protobufjs/path@^1.1.2":
  version "1.1.2"
  resolved "https://registry.yarnpkg.com/@protobufjs/path/-/path-1.1.2.tgz#6cc2b20c5c9ad6ad0dccfd21ca7673d8d7fbf68d"
  integrity sha1-bMKyDFya1q0NzP0hynZz2Nf79o0=

"@protobufjs/pool@^1.1.0":
  version "1.1.0"
  resolved "https://registry.yarnpkg.com/@protobufjs/pool/-/pool-1.1.0.tgz#09fd15f2d6d3abfa9b65bc366506d6ad7846ff54"
  integrity sha1-Cf0V8tbTq/qbZbw2ZQbWrXhG/1Q=

"@protobufjs/utf8@^1.1.0":
  version "1.1.0"
  resolved "https://registry.yarnpkg.com/@protobufjs/utf8/-/utf8-1.1.0.tgz#a777360b5b39a1a2e5106f8e858f2fd2d060c570"
  integrity sha1-p3c2C1s5oaLlEG+OhY8v0tBgxXA=

"@types/chai@4.2.11":
  version "4.2.11"
  resolved "https://registry.yarnpkg.com/@types/chai/-/chai-4.2.11.tgz#d3614d6c5f500142358e6ed24e1bf16657536c50"
  integrity sha512-t7uW6eFafjO+qJ3BIV2gGUyZs27egcNRkUdalkud+Qa3+kg//f129iuOFivHDXQ+vnU3fDXuwgv0cqMCbcE8sw==

"@types/ed2curve@0.2.2":
  version "0.2.2"
  resolved "https://registry.yarnpkg.com/@types/ed2curve/-/ed2curve-0.2.2.tgz#8f8bc7e2c9a5895a941c63a4f7acd7a6a62a5b15"
  integrity sha512-G1sTX5xo91ydevQPINbL2nfgVAj/s1ZiqZxC8OCWduwu+edoNGUm5JXtTkg9F3LsBZbRI46/0HES4CPUE2wc9g==
  dependencies:
    tweetnacl "^1.0.0"

"@types/fs-extra@8.1.0":
  version "8.1.0"
  resolved "https://registry.yarnpkg.com/@types/fs-extra/-/fs-extra-8.1.0.tgz#1114834b53c3914806cd03b3304b37b3bd221a4d"
  integrity sha512-UoOfVEzAUpeSPmjm7h1uk5MH6KZma2z2O7a75onTGjnNvAvMVrPzPL/vBbT65iIGHWj6rokwfmYcmxmlSf2uwg==
  dependencies:
    "@types/node" "*"

"@types/libsodium-wrappers-sumo@0.7.3":
  version "0.7.3"
  resolved "https://registry.yarnpkg.com/@types/libsodium-wrappers-sumo/-/libsodium-wrappers-sumo-0.7.3.tgz#3ce8c613ee1a05ca47bd20dd2e6009ce114a1a04"
  integrity sha512-GlOjW+o7ekitFi2WgGsD0G3ljXudGqPmSASsxr2CMAaCWiTnUdPt8R1QUzuHZ+TxeV60xd6Y++Do9uguK/QBXQ==
  dependencies:
    "@types/libsodium-wrappers" "*"

"@types/libsodium-wrappers@*":
  version "0.7.7"
  resolved "https://registry.yarnpkg.com/@types/libsodium-wrappers/-/libsodium-wrappers-0.7.7.tgz#cdb25e85458612ec80f0157c3815fac187d0b6d2"
  integrity sha512-Li91pVKcLvQJK3ZolwCPo85oxf2gKBCApgnesRxYg4OVYchLXcJB2eivX8S87vfQVv6ZRnyCO1lLDosZGJfpRg==

"@types/long@4.0.1", "@types/long@^4.0.0", "@types/long@^4.0.1":
  version "4.0.1"
  resolved "https://registry.yarnpkg.com/@types/long/-/long-4.0.1.tgz#459c65fa1867dafe6a8f322c4c51695663cc55e9"
  integrity sha512-5tXH6Bx/kNGd3MgffdmP4dy2Z+G4eaXw0SE81Tq3BNadtnMR5/ySMzX4SLEzHJzSmPNn4HIdpQsBvXMUykr58w==

"@types/node@*":
  version "13.9.0"
  resolved "https://registry.yarnpkg.com/@types/node/-/node-13.9.0.tgz#5b6ee7a77faacddd7de719017d0bc12f52f81589"
  integrity sha512-0ARSQootUG1RljH2HncpsY2TJBfGQIKOOi7kxzUY6z54ePu/ZD+wJA8zI2Q6v8rol2qpG/rvqsReco8zNMPvhQ==

"@types/node@^10.1.0":
  version "10.17.17"
  resolved "https://registry.yarnpkg.com/@types/node/-/node-10.17.17.tgz#7a183163a9e6ff720d86502db23ba4aade5999b8"
  integrity sha512-gpNnRnZP3VWzzj5k3qrpRC6Rk3H/uclhAVo1aIvwzK5p5cOrs9yEyQ8H/HBsBY0u5rrWxXEiVPQ0dEB6pkjE8Q==

"@types/node@^13.7.0":
  version "13.13.15"
  resolved "https://registry.yarnpkg.com/@types/node/-/node-13.13.15.tgz#fe1cc3aa465a3ea6858b793fd380b66c39919766"
  integrity sha512-kwbcs0jySLxzLsa2nWUAGOd/s21WU1jebrEdtzhsj1D4Yps1EOuyI1Qcu+FD56dL7NRNIJtDDjcqIG22NwkgLw==

"@types/node@~12":
  version "12.12.29"
  resolved "https://registry.yarnpkg.com/@types/node/-/node-12.12.29.tgz#46275f028b4e463b9ac5fefc1d08bc66cc193f25"
  integrity sha512-yo8Qz0ygADGFptISDj3pOC9wXfln/5pQaN/ysDIzOaAWXt73cNHmtEC8zSO2Y+kse/txmwIAJzkYZ5fooaS5DQ==

"@types/platform@1.3.2":
  version "1.3.2"
  resolved "https://registry.yarnpkg.com/@types/platform/-/platform-1.3.2.tgz#c0404c4e2a08e04295ab3d1241a856c2a3cab06e"
  integrity sha512-Tn6OuJDAG7bJbyi4R7HqcxXp1w2lmIxVXqyNhPt1Bm0FO2EWIi3CI87JVzF7ncqK0ZMPuUycS3wTMIk85EeF1Q==

"@types/spark-md5@3.0.2":
  version "3.0.2"
  resolved "https://registry.yarnpkg.com/@types/spark-md5/-/spark-md5-3.0.2.tgz#da2e8a778a20335fc4f40b6471c4b0d86b70da55"
  integrity sha512-82E/lVRaqelV9qmRzzJ1PKTpyrpnT7mwdneKNJB9hUtypZDMggloDfFUCIqRRx3lYRxteCwXSq9c+W71Vf0QnQ==

"@types/tough-cookie@4.0.0":
  version "4.0.0"
  resolved "https://registry.yarnpkg.com/@types/tough-cookie/-/tough-cookie-4.0.0.tgz#fef1904e4668b6e5ecee60c52cc6a078ffa6697d"
  integrity sha512-I99sngh224D0M7XgW1s120zxCt3VYQ3IQsuw3P3jbq5GG4yc79+ZjyKznyOGIQrflfylLgcfekeZW/vk0yng6A==

"@wireapp/api-client@11.21.3":
  version "11.21.3"
  resolved "https://registry.yarnpkg.com/@wireapp/api-client/-/api-client-11.21.3.tgz#33c58a01abd152c5f448879c128012186022d7a3"
  integrity sha512-vVcG0slbmUXEJIkySYc9bFaOxUYAp3DTObtBcPNv+6ogUr5IaaDPIIP+mEgBU7NbzQ2nH1zHfaFzD1w/ATQI2w==
  dependencies:
    "@types/node" "~12"
    "@types/spark-md5" "3.0.2"
    "@types/tough-cookie" "4.0.0"
    "@wireapp/commons" "3.6.3"
    "@wireapp/priority-queue" "1.6.6"
    axios "0.19.2"
    logdown "3.3.1"
    reconnecting-websocket "4.4.0"
    spark-md5 "3.0.1"
    tough-cookie "4.0.0"
    ws "7.3.1"

"@wireapp/bot-api@7.10.24":
  version "7.10.24"
  resolved "https://registry.yarnpkg.com/@wireapp/bot-api/-/bot-api-7.10.24.tgz#ae63d543866eb3518075120528292c8d98ea7f22"
  integrity sha512-UpZMY1szG8AhPP5zQwIdklnGF2b43qTr3PvzLs2KSFLEDw9VZKGakXtX3CH2Pqwn4U5KTEwMduWy037iN3jRXw==
  dependencies:
    "@types/node" "*"
    "@wireapp/core" "16.10.23"
    uuidjs "4.2.5"

"@wireapp/cbor@4.6.10":
  version "4.6.10"
  resolved "https://registry.yarnpkg.com/@wireapp/cbor/-/cbor-4.6.10.tgz#e95e9a0a3cd9b77fb8552267e46d79ee5aa0d8cd"
  integrity sha512-vc4XI+HSsmxl0VtPDOwkL83kQXxpy7lRnIypLgP/Fx9XX4e8/BKcKtIPhClkQYCWwFHVBFBvfnY7htgZr11HzQ==

"@wireapp/commons@3.6.3":
  version "3.6.3"
  resolved "https://registry.yarnpkg.com/@wireapp/commons/-/commons-3.6.3.tgz#d02701ce7edb39e9e5ed37044c66c2af2947e976"
  integrity sha512-UcEcTz+BkW5QD2yH3KPYX6QQa7BG4hyIBK9/aBb6ZtCu7YeaA5OUZkcf/Qh8trIASMCr/PM1x6MEpNwN3lpmiA==
  dependencies:
    "@types/fs-extra" "8.1.0"
    "@types/node" "~12"
    "@types/platform" "1.3.2"
    ansi-regex "5.0.0"
    fs-extra "9.0.1"
    logdown "3.3.1"
    platform "1.3.5"
    url-search-params-polyfill "8.1.0"

"@wireapp/core@16.10.23":
  version "16.10.23"
  resolved "https://registry.yarnpkg.com/@wireapp/core/-/core-16.10.23.tgz#76890b5cf6752d9712198564d52f146a7bdaca64"
  integrity sha512-cM2TMIzrBrwXEFo2X/41p6MU+VsuA3/PwY6qFMW1cHTs6ttQBH9wmbDPuoBfGJZXpqhG2X3toEBNKqtYxrZcpg==
  dependencies:
    "@types/long" "4.0.1"
    "@types/node" "~12"
    "@wireapp/api-client" "11.21.3"
    "@wireapp/cryptobox" "12.2.20"
    "@wireapp/protocol-messaging" "1.25.4"
    "@wireapp/store-engine" "4.5.8"
    bazinga64 "5.7.8"
    hash.js "1.1.7"
    logdown "3.3.1"
    protobufjs "6.9.0"
    uuidjs "4.2.5"

"@wireapp/cryptobox@12.2.20":
  version "12.2.20"
  resolved "https://registry.yarnpkg.com/@wireapp/cryptobox/-/cryptobox-12.2.20.tgz#aee07e60a00f0f53ab002f004e8a2f38225b6418"
  integrity sha512-yON/nmdPcOPamkWQzX13wxEV+NFlsaAInSvnhH/vWl+EUuG4TLXfpAh9z7u8IHwJjV8s3cJAQouXjA6J552mJQ==
  dependencies:
    "@types/node" "~12"
    "@wireapp/lru-cache" "3.6.9"
    "@wireapp/priority-queue" "1.6.6"
    "@wireapp/proteus" "9.8.13"
    "@wireapp/store-engine" "4.5.8"
    bazinga64 "5.7.8"
    logdown "3.3.1"

"@wireapp/lru-cache@3.6.9":
  version "3.6.9"
  resolved "https://registry.yarnpkg.com/@wireapp/lru-cache/-/lru-cache-3.6.9.tgz#71be2e03adbd858844b423592c5828d140206868"
  integrity sha512-b8atXfdrDOBNuyD9aw4z3epiOqtTdnG13gsbrXjS8dgJW6TbUuT+JYZpVbgx71jOv6SC6fCFxQg6KtXBrA3eNQ==

"@wireapp/priority-queue@1.6.6":
  version "1.6.6"
  resolved "https://registry.yarnpkg.com/@wireapp/priority-queue/-/priority-queue-1.6.6.tgz#c0503a3db12b27017229d2aa8f4a352c598b3b4f"
  integrity sha512-K1qaZqrwKKEvkXnQU0e+9rqgBBawnOFbBJhwNnC4Yabxbu9+XstOVR1iZ3hPfMwX1Vgps9u+GxzEjQCQp2y2pA==
  dependencies:
    "@types/node" "~12"
    logdown "3.3.1"
    uuidjs "4.2.5"

"@wireapp/proteus@9.8.13":
  version "9.8.13"
  resolved "https://registry.yarnpkg.com/@wireapp/proteus/-/proteus-9.8.13.tgz#606e80eeeb51d783c819f2949ad2a766f4f2a330"
  integrity sha512-wkkE5Qd0J1NmQMqNlgQC8v6sUBpQs3HBXDyzOUAyQyn8OVsfRUrJR15PLqnmsiaPTJ/qsrWHflO2ov+lDGIYIA==
  dependencies:
    "@types/chai" "4.2.11"
    "@types/ed2curve" "0.2.2"
    "@types/libsodium-wrappers-sumo" "0.7.3"
    "@types/node" "~12"
    "@wireapp/cbor" "4.6.10"
    ed2curve "0.3.0"
    libsodium-wrappers-sumo "0.7.6"

"@wireapp/protocol-messaging@1.25.4":
  version "1.25.4"
  resolved "https://registry.yarnpkg.com/@wireapp/protocol-messaging/-/protocol-messaging-1.25.4.tgz#49a22683c19c628997f28e24f5eca909aab4e4b9"
  integrity sha512-Z53Cw+u2rJhE/tlEAo1onYcD4FyuDEMjW2PQV9GTuGNA9iEv+rKnmha6YDI+m5NQxrlPc7Dsebqf+u04X7fB7g==
  dependencies:
    protobufjs "6.8.8"

"@wireapp/store-engine-fs@2.2.12":
  version "2.2.12"
  resolved "https://registry.yarnpkg.com/@wireapp/store-engine-fs/-/store-engine-fs-2.2.12.tgz#e535d7cfe0d3f9fbefcba89f6dab2ebd1b0f50d3"
  integrity sha512-VzDpcbT+9KQyxfvY8x61wFQoMGnHpSXAFUMN5RXzFL/zbZHjlaMTkw5t5qXU4xCir4n49WlEMpPUKKxv2E7VjA==
  dependencies:
    "@types/fs-extra" "8.1.0"
    fs-extra "9.0.1"

"@wireapp/store-engine@4.5.8":
  version "4.5.8"
  resolved "https://registry.yarnpkg.com/@wireapp/store-engine/-/store-engine-4.5.8.tgz#c2f4e430c1e7b119feaa61f64a5a452323b2de69"
  integrity sha512-Iq7GkfNJ6wH59ZTC6jSDG1i/fcaK9eVf97eut2o2xXQ366WfHfGCJDgfV40po8qIPdZ9wChyKDuNiGJnwfsAvw==
  dependencies:
    "@types/node" "~12"

ansi-regex@5.0.0:
  version "5.0.0"
  resolved "https://registry.yarnpkg.com/ansi-regex/-/ansi-regex-5.0.0.tgz#388539f55179bf39339c81af30a654d69f87cb75"
  integrity sha512-bY6fj56OUQ0hU1KjFNDQuJFezqKdrAyFdIevADiqrWHwSlbmBNMHp5ak2f40Pm8JTFyM2mqxkG6ngkHO11f/lg==

ansi-styles@^3.2.1:
  version "3.2.1"
  resolved "https://registry.yarnpkg.com/ansi-styles/-/ansi-styles-3.2.1.tgz#41fbb20243e50b12be0f04b8dedbf07520ce841d"
  integrity sha512-VT0ZI6kZRdTh8YyJw3SMbYm/u+NqfsAxEpWO0Pf9sq8/e94WxxOpPKx9FR1FlyCtOVDNOQ+8ntlqFxiRc+r5qA==
  dependencies:
    color-convert "^1.9.0"

at-least-node@^1.0.0:
  version "1.0.0"
  resolved "https://registry.yarnpkg.com/at-least-node/-/at-least-node-1.0.0.tgz#602cd4b46e844ad4effc92a8011a3c46e0238dc2"
  integrity sha512-+q/t7Ekv1EDY2l6Gda6LLiX14rU9TV20Wa3ofeQmwPFZbOMo9DXrLbOjFaaclkXKWidIaopwAObQDqwWtGUjqg==

axios@0.19.2:
  version "0.19.2"
  resolved "https://registry.yarnpkg.com/axios/-/axios-0.19.2.tgz#3ea36c5d8818d0d5f8a8a97a6d36b86cdc00cb27"
  integrity sha512-fjgm5MvRHLhx+osE2xoekY70AhARk3a6hkN+3Io1jc00jtquGvxYlKlsFUhmUET0V5te6CcZI7lcv2Ym61mjHA==
  dependencies:
    follow-redirects "1.5.10"

bazinga64@5.7.8:
  version "5.7.8"
  resolved "https://registry.yarnpkg.com/bazinga64/-/bazinga64-5.7.8.tgz#9fba6a68ff5d4427d02e02d484c749ee155bd636"
  integrity sha512-q3VoENycRGnTRlrF8pzQ+UCEawOB+iRTFZ/ZgZO8yDH7pYasaOlZtG21SONzBkf3tmKDwot5dpzvkR/hDjc9fQ==

chalk@^2.3.0:
  version "2.4.2"
  resolved "https://registry.yarnpkg.com/chalk/-/chalk-2.4.2.tgz#cd42541677a54333cf541a49108c1432b44c9424"
  integrity sha512-Mti+f9lpJNcwF4tWV8/OrTTtF1gZi+f8FqlyAdouralcFWFQWF2+NgCHShjkCb+IFBLq9buZwE1xckQU4peSuQ==
  dependencies:
    ansi-styles "^3.2.1"
    escape-string-regexp "^1.0.5"
    supports-color "^5.3.0"

color-convert@^1.9.0:
  version "1.9.3"
  resolved "https://registry.yarnpkg.com/color-convert/-/color-convert-1.9.3.tgz#bb71850690e1f136567de629d2d5471deda4c1e8"
  integrity sha512-QfAUtd+vFdAtFQcC8CCyYt1fYWxSqAiK2cSD6zDB8N3cpsEBAvRxp9zOGg6G/SHHJYAT88/az/IuDGALsNVbGg==
  dependencies:
    color-name "1.1.3"

color-name@1.1.3:
  version "1.1.3"
  resolved "https://registry.yarnpkg.com/color-name/-/color-name-1.1.3.tgz#a7d0558bd89c42f795dd42328f740831ca53bc25"
  integrity sha1-p9BVi9icQveV3UIyj3QIMcpTvCU=

debug@=3.1.0:
  version "3.1.0"
  resolved "https://registry.yarnpkg.com/debug/-/debug-3.1.0.tgz#5bb5a0672628b64149566ba16819e61518c67261"
  integrity sha512-OX8XqP7/1a9cqkxYw2yXss15f26NKWBpDXQd0/uK/KPqdQhxbPa994hnzjcE2VqQpDslf55723cKPUOGSmMY3g==
  dependencies:
    ms "2.0.0"

dotenv@8.2.0:
  version "8.2.0"
  resolved "https://registry.yarnpkg.com/dotenv/-/dotenv-8.2.0.tgz#97e619259ada750eea3e4ea3e26bceea5424b16a"
  integrity sha512-8sJ78ElpbDJBHNeBzUbUVLsqKdccaa/BXF1uPTw3GrvQTBgrQrtObr2mUrE38vzYd8cEv+m/JBfDLioYcfXoaw==

ed2curve@0.3.0:
  version "0.3.0"
  resolved "https://registry.yarnpkg.com/ed2curve/-/ed2curve-0.3.0.tgz#322b575152a45305429d546b071823a93129a05d"
  integrity sha512-8w2fmmq3hv9rCrcI7g9hms2pMunQr1JINfcjwR9tAyZqhtyaMN991lF/ZfHfr5tzZQ8c7y7aBgZbjfbd0fjFwQ==
  dependencies:
    tweetnacl "1.x.x"

escape-string-regexp@^1.0.5:
  version "1.0.5"
  resolved "https://registry.yarnpkg.com/escape-string-regexp/-/escape-string-regexp-1.0.5.tgz#1b61c0562190a8dff6ae3bb2cf0200ca130b86d4"
  integrity sha1-G2HAViGQqN/2rjuyzwIAyhMLhtQ=

follow-redirects@1.5.10:
  version "1.5.10"
  resolved "https://registry.yarnpkg.com/follow-redirects/-/follow-redirects-1.5.10.tgz#7b7a9f9aea2fdff36786a94ff643ed07f4ff5e2a"
  integrity sha512-0V5l4Cizzvqt5D44aTXbFZz+FtyXV1vrDN6qrelxtfYQKW0KO0W2T/hkE8xvGa/540LkZlkaUjO4ailYTFtHVQ==
  dependencies:
    debug "=3.1.0"

fs-extra@9.0.1:
  version "9.0.1"
  resolved "https://registry.yarnpkg.com/fs-extra/-/fs-extra-9.0.1.tgz#910da0062437ba4c39fedd863f1675ccfefcb9fc"
  integrity sha512-h2iAoN838FqAFJY2/qVpzFXy+EBxfVE220PalAqQLDVsFOHLJrZvut5puAbCdNv6WJk+B8ihI+k0c7JK5erwqQ==
  dependencies:
    at-least-node "^1.0.0"
    graceful-fs "^4.2.0"
    jsonfile "^6.0.1"
    universalify "^1.0.0"

graceful-fs@^4.1.6, graceful-fs@^4.2.0:
  version "4.2.3"
  resolved "https://registry.yarnpkg.com/graceful-fs/-/graceful-fs-4.2.3.tgz#4a12ff1b60376ef09862c2093edd908328be8423"
  integrity sha512-a30VEBm4PEdx1dRB7MFK7BejejvCvBronbLjht+sHuGYj8PHs7M/5Z+rt5lw551vZ7yfTCj4Vuyy3mSJytDWRQ==

has-flag@^3.0.0:
  version "3.0.0"
  resolved "https://registry.yarnpkg.com/has-flag/-/has-flag-3.0.0.tgz#b5d454dc2199ae225699f3467e5a07f3b955bafd"
  integrity sha1-tdRU3CGZriJWmfNGfloH87lVuv0=

hash.js@1.1.7:
  version "1.1.7"
  resolved "https://registry.yarnpkg.com/hash.js/-/hash.js-1.1.7.tgz#0babca538e8d4ee4a0f8988d68866537a003cf42"
  integrity sha512-taOaskGt4z4SOANNseOviYDvjEJinIkRgmp7LbKP2YTTmVxWBl87s/uzK9r+44BclBSp2X7K1hqeNfz9JbBeXA==
  dependencies:
    inherits "^2.0.3"
    minimalistic-assert "^1.0.1"

inherits@^2.0.3:
  version "2.0.4"
  resolved "https://registry.yarnpkg.com/inherits/-/inherits-2.0.4.tgz#0fa2c64f932917c3433a0ded55363aae37416b7c"
  integrity sha512-k/vGaX4/Yla3WzyMCvTQOXYeIHvqOKtnqBduzTHpzpQZzAskKMhZ2K+EnBiSM9zGSoIFeMpXKxa4dYeZIQqewQ==

jsonfile@^6.0.1:
  version "6.0.1"
  resolved "https://registry.yarnpkg.com/jsonfile/-/jsonfile-6.0.1.tgz#98966cba214378c8c84b82e085907b40bf614179"
  integrity sha512-jR2b5v7d2vIOust+w3wtFKZIfpC2pnRmFAhAC/BuweZFQR8qZzxH1OyrQ10HmdVYiXWkYUqPVsz91cG7EL2FBg==
  dependencies:
    universalify "^1.0.0"
  optionalDependencies:
    graceful-fs "^4.1.6"

libsodium-sumo@0.7.6:
  version "0.7.6"
  resolved "https://registry.yarnpkg.com/libsodium-sumo/-/libsodium-sumo-0.7.6.tgz#935a80f95165a2f7d33a77bc8f1cde62130d93dc"
  integrity sha512-1XM2w00YkufeLVhFbw9aV+NTftzqECkEU1Amw2MxCbYuyy4L6MH5y8MWOg3shN6X/9R3e1pp6RCSXPnbFRTVCA==

libsodium-wrappers-sumo@0.7.6:
  version "0.7.6"
  resolved "https://registry.yarnpkg.com/libsodium-wrappers-sumo/-/libsodium-wrappers-sumo-0.7.6.tgz#0fc9f422470d192370c4213f3c46e41ebda35e77"
  integrity sha512-pwYQ1ZR/UwXBMY4tFDcjYZrBFgexkhRykzcE9Jv0l/J41Tp7PqHYfHA17YpOxIXrAIRBPVSlPo2VxHoGZZKwXA==
  dependencies:
    libsodium-sumo "0.7.6"

logdown@3.3.1:
  version "3.3.1"
  resolved "https://registry.yarnpkg.com/logdown/-/logdown-3.3.1.tgz#836d5a195b5949c6db631ccc9fecce0492e01d10"
  integrity sha512-pjX0vlIJsYQlgVzFba2amXI1wZZnhrEorL68MdLI7B0/sN1TNUozBNFaHfcPHMM3A+INZ0OXFDxtnoaEgOmGjQ==
  dependencies:
    chalk "^2.3.0"

long@^4.0.0:
  version "4.0.0"
  resolved "https://registry.yarnpkg.com/long/-/long-4.0.0.tgz#9a7b71cfb7d361a194ea555241c92f7468d5bf28"
  integrity sha512-XsP+KhQif4bjX1kbuSiySJFNAehNxgLb6hPRGJ9QsUr8ajHkuXGdrHmFUTUUXhDwVX2R5bY4JNZEwbUiMhV+MA==

minimalistic-assert@^1.0.1:
  version "1.0.1"
  resolved "https://registry.yarnpkg.com/minimalistic-assert/-/minimalistic-assert-1.0.1.tgz#2e194de044626d4a10e7f7fbc00ce73e83e4d5c7"
  integrity sha512-UtJcAD4yEaGtjPezWuO9wC4nwUnVH/8/Im3yEHQP4b67cXlD/Qr9hdITCU1xDbSEXg2XKNaP8jsReV7vQd00/A==

ms@2.0.0:
  version "2.0.0"
  resolved "https://registry.yarnpkg.com/ms/-/ms-2.0.0.tgz#5608aeadfc00be6c2901df5f9861788de0d597c8"
  integrity sha1-VgiurfwAvmwpAd9fmGF4jeDVl8g=

platform@1.3.5:
  version "1.3.5"
  resolved "https://registry.yarnpkg.com/platform/-/platform-1.3.5.tgz#fb6958c696e07e2918d2eeda0f0bc9448d733444"
  integrity sha512-TuvHS8AOIZNAlE77WUDiR4rySV/VMptyMfcfeoMgs4P8apaZM3JrnbzBiixKUv+XR6i+BXrQh8WAnjaSPFO65Q==

protobufjs@6.8.8:
  version "6.8.8"
  resolved "https://registry.yarnpkg.com/protobufjs/-/protobufjs-6.8.8.tgz#c8b4f1282fd7a90e6f5b109ed11c84af82908e7c"
  integrity sha512-AAmHtD5pXgZfi7GMpllpO3q1Xw1OYldr+dMUlAnffGTAhqkg72WdmSY71uKBF/JuyiKs8psYbtKrhi0ASCD8qw==
  dependencies:
    "@protobufjs/aspromise" "^1.1.2"
    "@protobufjs/base64" "^1.1.2"
    "@protobufjs/codegen" "^2.0.4"
    "@protobufjs/eventemitter" "^1.1.0"
    "@protobufjs/fetch" "^1.1.0"
    "@protobufjs/float" "^1.0.2"
    "@protobufjs/inquire" "^1.1.0"
    "@protobufjs/path" "^1.1.2"
    "@protobufjs/pool" "^1.1.0"
    "@protobufjs/utf8" "^1.1.0"
    "@types/long" "^4.0.0"
    "@types/node" "^10.1.0"
    long "^4.0.0"

protobufjs@6.9.0:
  version "6.9.0"
  resolved "https://registry.yarnpkg.com/protobufjs/-/protobufjs-6.9.0.tgz#c08b2bf636682598e6fabbf0edb0b1256ff090bd"
  integrity sha512-LlGVfEWDXoI/STstRDdZZKb/qusoAWUnmLg9R8OLSO473mBLWHowx8clbX5/+mKDEI+v7GzjoK9tRPZMMcoTrg==
  dependencies:
    "@protobufjs/aspromise" "^1.1.2"
    "@protobufjs/base64" "^1.1.2"
    "@protobufjs/codegen" "^2.0.4"
    "@protobufjs/eventemitter" "^1.1.0"
    "@protobufjs/fetch" "^1.1.0"
    "@protobufjs/float" "^1.0.2"
    "@protobufjs/inquire" "^1.1.0"
    "@protobufjs/path" "^1.1.2"
    "@protobufjs/pool" "^1.1.0"
    "@protobufjs/utf8" "^1.1.0"
    "@types/long" "^4.0.1"
    "@types/node" "^13.7.0"
    long "^4.0.0"

psl@^1.1.33:
  version "1.8.0"
  resolved "https://registry.yarnpkg.com/psl/-/psl-1.8.0.tgz#9326f8bcfb013adcc005fdff056acce020e51c24"
  integrity sha512-RIdOzyoavK+hA18OGGWDqUTsCLhtA7IcZ/6NCs4fFJaHBDab+pDDmDIByWFRQJq2Cd7r1OoQxBGKOaztq+hjIQ==

punycode@^2.1.1:
  version "2.1.1"
  resolved "https://registry.yarnpkg.com/punycode/-/punycode-2.1.1.tgz#b58b010ac40c22c5657616c8d2c2c02c7bf479ec"
  integrity sha512-XRsRjdf+j5ml+y/6GKHPZbrF/8p2Yga0JPtdqTIY2Xe5ohJPD9saDJJLPvp9+NSBprVvevdXZybnj2cv8OEd0A==

reconnecting-websocket@4.4.0:
  version "4.4.0"
  resolved "https://registry.yarnpkg.com/reconnecting-websocket/-/reconnecting-websocket-4.4.0.tgz#3b0e5b96ef119e78a03135865b8bb0af1b948783"
  integrity sha512-D2E33ceRPga0NvTDhJmphEgJ7FUYF0v4lr1ki0csq06OdlxKfugGzN0dSkxM/NfqCxYELK4KcaTOUOjTV6Dcng==

spark-md5@3.0.1:
  version "3.0.1"
  resolved "https://registry.yarnpkg.com/spark-md5/-/spark-md5-3.0.1.tgz#83a0e255734f2ab4e5c466e5a2cfc9ba2aa2124d"
  integrity sha512-0tF3AGSD1ppQeuffsLDIOWlKUd3lS92tFxcsrh5Pe3ZphhnoK+oXIBTzOAThZCiuINZLvpiLH/1VS1/ANEJVig==

supports-color@^5.3.0:
  version "5.5.0"
  resolved "https://registry.yarnpkg.com/supports-color/-/supports-color-5.5.0.tgz#e2e69a44ac8772f78a1ec0b35b689df6530efc8f"
  integrity sha512-QjVjwdXIt408MIiAqCX4oUKsgU2EqAGzs2Ppkm4aQYbjm+ZEWEcW4SfFNTr4uMNZma0ey4f5lgLrkB0aX0QMow==
  dependencies:
    has-flag "^3.0.0"

tough-cookie@4.0.0:
  version "4.0.0"
  resolved "https://registry.yarnpkg.com/tough-cookie/-/tough-cookie-4.0.0.tgz#d822234eeca882f991f0f908824ad2622ddbece4"
  integrity sha512-tHdtEpQCMrc1YLrMaqXXcj6AxhYi/xgit6mZu1+EDWUn+qhUf8wMQoFIy9NXuq23zAwtcB0t/MjACGR18pcRbg==
  dependencies:
    psl "^1.1.33"
    punycode "^2.1.1"
    universalify "^0.1.2"

tweetnacl@1.x.x, tweetnacl@^1.0.0:
  version "1.0.3"
  resolved "https://registry.yarnpkg.com/tweetnacl/-/tweetnacl-1.0.3.tgz#ac0af71680458d8a6378d0d0d050ab1407d35596"
  integrity sha512-6rt+RN7aOi1nGMyC4Xa5DdYiukl2UWCbcJft7YhxReBGQD7OAM8Pbxw6YMo4r2diNEA8FEmu32YOn9rhaiE5yw==

universalify@^0.1.2:
  version "0.1.2"
  resolved "https://registry.yarnpkg.com/universalify/-/universalify-0.1.2.tgz#b646f69be3942dabcecc9d6639c80dc105efaa66"
  integrity sha512-rBJeI5CXAlmy1pV+617WB9J63U6XcazHHF2f2dbJix4XzpUF0RS3Zbj0FGIOCAva5P/d/GBOYaACQ1w+0azUkg==

universalify@^1.0.0:
  version "1.0.0"
  resolved "https://registry.yarnpkg.com/universalify/-/universalify-1.0.0.tgz#b61a1da173e8435b2fe3c67d29b9adf8594bd16d"
  integrity sha512-rb6X1W158d7pRQBg5gkR8uPaSfiids68LTJQYOtEUhoJUWBdaQHsuT/EUduxXYxcrt4r5PJ4fuHW1MHT6p0qug==

url-search-params-polyfill@8.1.0:
  version "8.1.0"
  resolved "https://registry.yarnpkg.com/url-search-params-polyfill/-/url-search-params-polyfill-8.1.0.tgz#5c15b69687165bfd4f6c7d8a161d70d85385885b"
  integrity sha512-MRG3vzXyG20BJ2fox50/9ZRoe+2h3RM7DIudVD2u/GY9MtayO1Dkrna76IUOak+uoUPVWbyR0pHCzxctP/eDYQ==

uuidjs@4.2.5:
  version "4.2.5"
  resolved "https://registry.yarnpkg.com/uuidjs/-/uuidjs-4.2.5.tgz#a80439ece05dfe6ed875a5d62de0820046055713"
  integrity sha512-0utbJ3L/C/AUv8cRAfFnUC7XhvRvaQaGNPbrroBeXF26BWfYT6aD8/n5UQ4ic3bpkJfVd2W15yQS+YCwvQxtXA==

ws@7.3.1:
  version "7.3.1"
  resolved "https://registry.yarnpkg.com/ws/-/ws-7.3.1.tgz#d0547bf67f7ce4f12a72dfe31262c68d7dc551c8"
  integrity sha512-D3RuNkynyHmEJIpD2qrgVkc9DQ23OrN/moAwZX4L8DfvszsJxpjQuUq3LMx6HoYji9fbIOBY18XWBsAux1ZZUA==
